
Microsoft Visual Studio Solution File, Format Version 12.00
# Visual Studio 14
VisualStudioVersion = 14.0.25420.1
MinimumVisualStudioVersion = 10.0.40219.1
Project("{FAE04EC0-301F-11D3-BF4B-00C04F79EFBC}") = "CodeCamp16", "CodeCamp16\CodeCamp16.csproj", "{11CFE45C-6111-4857-B27E-9141D51C6D87}"
EndProject
Project("{FAE04EC0-301F-11D3-BF4B-00C04F79EFBC}") = "ServerCommunication", "ServerCommunication\ServerCommunication.csproj", "{BC88B64F-1889-4589-88D2-C6DC5ABD9721}"
EndProject
Project("{FAE04EC0-301F-11D3-BF4B-00C04F79EFBC}") = "TruckGenerator1", "TruckGenerator1\TruckGenerator1.csproj", "{0A490256-3F75-4BF2-BD61-D306C56C619B}"
EndProject
Global
	GlobalSection(SolutionConfigurationPlatforms) = preSolution
		Debug|Any CPU = Debug|Any CPU
		Release|Any CPU = Release|Any CPU
	EndGlobalSection
	GlobalSection(ProjectConfigurationPlatforms) = postSolution
		{11CFE45C-6111-4857-B27E-9141D51C6D87}.Debug|Any CPU.ActiveCfg = Debug|Any CPU
		{11CFE45C-6111-4857-B27E-9141D51C6D87}.Debug|Any CPU.Build.0 = Debug|Any CPU
		{11CFE45C-6111-4857-B27E-9141D51C6D87}.Release|Any CPU.ActiveCfg = Release|Any CPU
		{11CFE45C-6111-4857-B27E-9141D51C6D87}.Release|Any CPU.Build.0 = Release|Any CPU
		{BC88B64F-1889-4589-88D2-C6DC5ABD9721}.Debug|Any CPU.ActiveCfg = Debug|Any CPU
		{BC88B64F-1889-4589-88D2-C6DC5ABD9721}.Debug|Any CPU.Build.0 = Debug|Any CPU
		{BC88B64F-1889-4589-88D2-C6DC5ABD9721}.Release|Any CPU.ActiveCfg = Release|Any CPU
		{BC88B64F-1889-4589-88D2-C6DC5ABD9721}.Release|Any CPU.Build.0 = Release|Any CPU
		{0A490256-3F75-4BF2-BD61-D306C56C619B}.Debug|Any CPU.ActiveCfg = Debug|Any CPU
		{0A490256-3F75-4BF2-BD61-D306C56C619B}.Debug|Any CPU.Build.0 = Debug|Any CPU
		{0A490256-3F75-4BF2-BD61-D306C56C619B}.Release|Any CPU.ActiveCfg = Release|Any CPU
		{0A490256-3F75-4BF2-BD61-D306C56C619B}.Release|Any CPU.Build.0 = Release|Any CPU
	EndGlobalSection
	GlobalSection(SolutionProperties) = preSolution
		HideSolutionNode = FALSE
	EndGlobalSection
	GlobalSection(ExtensibilityGlobals) = postSolution
		VisualSVNWorkingCopyRoot = .
	EndGlobalSection
EndGlobal
